
Microsoft Visual Studio Solution File, Format Version 12.00
# Visual Studio Version 17
VisualStudioVersion = 17.14.36221.1 d17.14
MinimumVisualStudioVersion = 10.0.40219.1
Project("{FAE04EC0-301F-11D3-BF4B-00C04F79EFBC}") = "Problem3", "Problem3\Problem3.csproj", "{1D6F2473-0573-42E6-ADBF-9BC223FE3E4F}"
EndProject
Global
	GlobalSection(SolutionConfigurationPlatforms) = preSolution
		Debug|Any CPU = Debug|Any CPU
		Release|Any CPU = Release|Any CPU
	EndGlobalSection
	GlobalSection(ProjectConfigurationPlatforms) = postSolution
		{1D6F2473-0573-42E6-ADBF-9BC223FE3E4F}.Debug|Any CPU.ActiveCfg = Debug|Any CPU
		{1D6F2473-0573-42E6-ADBF-9BC223FE3E4F}.Debug|Any CPU.Build.0 = Debug|Any CPU
		{1D6F2473-0573-42E6-ADBF-9BC223FE3E4F}.Release|Any CPU.ActiveCfg = Release|Any CPU
		{1D6F2473-0573-42E6-ADBF-9BC223FE3E4F}.Release|Any CPU.Build.0 = Release|Any CPU
	EndGlobalSection
	GlobalSection(SolutionProperties) = preSolution
		HideSolutionNode = FALSE
	EndGlobalSection
	GlobalSection(ExtensibilityGlobals) = postSolution
		SolutionGuid = {003C1FE7-E99C-48DC-8F82-C39E3D3F9601}
	EndGlobalSection
EndGlobal
